
Microsoft Visual Studio Solution File, Format Version 12.00
# Visual Studio 15
VisualStudioVersion = 15.0.26730.10
MinimumVisualStudioVersion = 10.0.40219.1
Project("{FAE04EC0-301F-11D3-BF4B-00C04F79EFBC}") = "Bot Application2", "Bot Application2\Bot Application2.csproj", "{F399ADF0-1C1A-47A6-AFCB-4DC076751BB5}"
EndProject
Global
	GlobalSection(SolutionConfigurationPlatforms) = preSolution
		Debug|Any CPU = Debug|Any CPU
		Release|Any CPU = Release|Any CPU
	EndGlobalSection
	GlobalSection(ProjectConfigurationPlatforms) = postSolution
		{F399ADF0-1C1A-47A6-AFCB-4DC076751BB5}.Debug|Any CPU.ActiveCfg = Debug|Any CPU
		{F399ADF0-1C1A-47A6-AFCB-4DC076751BB5}.Debug|Any CPU.Build.0 = Debug|Any CPU
		{F399ADF0-1C1A-47A6-AFCB-4DC076751BB5}.Release|Any CPU.ActiveCfg = Release|Any CPU
		{F399ADF0-1C1A-47A6-AFCB-4DC076751BB5}.Release|Any CPU.Build.0 = Release|Any CPU
	EndGlobalSection
	GlobalSection(SolutionProperties) = preSolution
		HideSolutionNode = FALSE
	EndGlobalSection
	GlobalSection(ExtensibilityGlobals) = postSolution
		SolutionGuid = {FB1C2B2F-F847-41D2-A7D6-DEF73A49FACD}
	EndGlobalSection
EndGlobal
